
Microsoft Visual Studio Solution File, Format Version 12.00
# Visual Studio Version 16
VisualStudioVersion = 16.0.28315.86
MinimumVisualStudioVersion = 10.0.40219.1
Project("{9A19103F-16F7-4668-BE54-9A1E7A4F7556}") = "AcrInsight", "AcrInsight\AcrInsight.csproj", "{83A3590B-6ED0-4DE9-A1C0-9DA67F86600E}"
EndProject
Global
	GlobalSection(SolutionConfigurationPlatforms) = preSolution
		Debug|Any CPU = Debug|Any CPU
		Release|Any CPU = Release|Any CPU
	EndGlobalSection
	GlobalSection(ProjectConfigurationPlatforms) = postSolution
		{83A3590B-6ED0-4DE9-A1C0-9DA67F86600E}.Debug|Any CPU.ActiveCfg = Debug|Any CPU
		{83A3590B-6ED0-4DE9-A1C0-9DA67F86600E}.Debug|Any CPU.Build.0 = Debug|Any CPU
		{83A3590B-6ED0-4DE9-A1C0-9DA67F86600E}.Release|Any CPU.ActiveCfg = Release|Any CPU
		{83A3590B-6ED0-4DE9-A1C0-9DA67F86600E}.Release|Any CPU.Build.0 = Release|Any CPU
	EndGlobalSection
	GlobalSection(SolutionProperties) = preSolution
		HideSolutionNode = FALSE
	EndGlobalSection
	GlobalSection(ExtensibilityGlobals) = postSolution
		SolutionGuid = {2BDFC1D4-224C-457C-A4C1-A016A334AD02}
	EndGlobalSection
EndGlobal
